
Microsoft Visual Studio Solution File, Format Version 12.00
# Visual Studio Version 16
VisualStudioVersion = 16.0.29519.181
MinimumVisualStudioVersion = 10.0.40219.1
Project("{9A19103F-16F7-4668-BE54-9A1E7A4F7556}") = "BugZapper", "BugZapper\BugZapper.csproj", "{6C00F71B-8A78-4477-8E01-F35065C1D024}"
EndProject
Global
	GlobalSection(SolutionConfigurationPlatforms) = preSolution
		Debug|Any CPU = Debug|Any CPU
		Release|Any CPU = Release|Any CPU
	EndGlobalSection
	GlobalSection(ProjectConfigurationPlatforms) = postSolution
		{6C00F71B-8A78-4477-8E01-F35065C1D024}.Debug|Any CPU.ActiveCfg = Debug|Any CPU
		{6C00F71B-8A78-4477-8E01-F35065C1D024}.Debug|Any CPU.Build.0 = Debug|Any CPU
		{6C00F71B-8A78-4477-8E01-F35065C1D024}.Release|Any CPU.ActiveCfg = Release|Any CPU
		{6C00F71B-8A78-4477-8E01-F35065C1D024}.Release|Any CPU.Build.0 = Release|Any CPU
	EndGlobalSection
	GlobalSection(SolutionProperties) = preSolution
		HideSolutionNode = FALSE
	EndGlobalSection
	GlobalSection(ExtensibilityGlobals) = postSolution
		SolutionGuid = {839A00C4-D81E-4550-A978-3A15FD8E2447}
	EndGlobalSection
EndGlobal
